
Microsoft Visual Studio Solution File, Format Version 12.00
# Visual Studio Version 17
VisualStudioVersion = 17.8.34330.188
MinimumVisualStudioVersion = 10.0.40219.1
Project("{FAE04EC0-301F-11D3-BF4B-00C04F79EFBC}") = "ЗАЧЕТ", "ЗАЧЕТ.csproj", "{344FF7A2-F156-442B-954E-7B8F93E415ED}"
EndProject
Global
	GlobalSection(SolutionConfigurationPlatforms) = preSolution
		Debug|Any CPU = Debug|Any CPU
		Release|Any CPU = Release|Any CPU
	EndGlobalSection
	GlobalSection(ProjectConfigurationPlatforms) = postSolution
		{344FF7A2-F156-442B-954E-7B8F93E415ED}.Debug|Any CPU.ActiveCfg = Debug|Any CPU
		{344FF7A2-F156-442B-954E-7B8F93E415ED}.Debug|Any CPU.Build.0 = Debug|Any CPU
		{344FF7A2-F156-442B-954E-7B8F93E415ED}.Release|Any CPU.ActiveCfg = Release|Any CPU
		{344FF7A2-F156-442B-954E-7B8F93E415ED}.Release|Any CPU.Build.0 = Release|Any CPU
	EndGlobalSection
	GlobalSection(SolutionProperties) = preSolution
		HideSolutionNode = FALSE
	EndGlobalSection
	GlobalSection(ExtensibilityGlobals) = postSolution
		SolutionGuid = {3B4360A5-904E-45AB-BD07-7457D269B1C0}
	EndGlobalSection
EndGlobal
